{
  "name": "rebirth",
  "version": "1.0.0",
  "lockfileVersion": 1,
  "requires": true,
  "dependencies": {
    "decode-uri-component": {
      "version": "0.2.0",
      "resolved": "https://registry.npm.taobao.org/decode-uri-component/download/decode-uri-component-0.2.0.tgz",
      "integrity": "sha1-6zkTMzRYd1y4TNGh+uBiEGu4dUU="
    },
    "get-port": {
      "version": "5.1.1",
      "resolved": "https://registry.npm.taobao.org/get-port/download/get-port-5.1.1.tgz",
      "integrity": "sha1-BGntB1Y0ed5u+5hrrwU9zX1OMZM="
    }
  }
}
